PODS:
  - FSCalendar (2.8.4)
  - RxCocoa (6.6.0):
    - RxRelay (= 6.6.0)
    - RxSwift (= 6.6.0)
  - RxRelay (6.6.0):
    - RxSwift (= 6.6.0)
  - RxSwift (6.6.0)
  - TimelineTableViewCell (2.2.2)

DEPENDENCIES:
  - FSCalendar
  - RxCocoa
  - RxSwift
  - TimelineTableViewCell

SPEC REPOS:
  trunk:
    - FSCalendar
    - RxCocoa
    - RxRelay
    - RxSwift
    - TimelineTableViewCell

SPEC CHECKSUMS:
  FSCalendar: 2d1d0d9398f12d439f55c1fe0f01525b151b8260
  RxCocoa: 44a80de90e25b739b5aeaae3c8c371a32e3343cc
  RxRelay: 45eaa5db8ee4fb50e5ebd57deec0159e97fa51e6
  RxSwift: a4b44f7d24599f674deebd1818eab82e58410632
  TimelineTableViewCell: f0c35f7941775e48a5356e7c7ae3a5a51721c80a

PODFILE CHECKSUM: 1a45e2bbc01e05412defe060f4e835e4c2463fe7

COCOAPODS: 1.12.1
